
Microsoft Visual Studio Solution File, Format Version 12.00
# Visual Studio 14
VisualStudioVersion = 14.0.23107.0
MinimumVisualStudioVersion = 10.0.40219.1
Project("{FAE04EC0-301F-11D3-BF4B-00C04F79EFBC}") = "DataTriggerForUWP", "DataTriggerForUWP\DataTriggerForUWP.csproj", "{93D7E637-0F88-404D-9EF5-4183863E5895}"
EndProject
Global
	GlobalSection(SolutionConfigurationPlatforms) = preSolution
		Debug|ARM = Debug|ARM
		Debug|x64 = Debug|x64
		Debug|x86 = Debug|x86
		Release|ARM = Release|ARM
		Release|x64 = Release|x64
		Release|x86 = Release|x86
	EndGlobalSection
	GlobalSection(ProjectConfigurationPlatforms) = postSolution
		{93D7E637-0F88-404D-9EF5-4183863E5895}.Debug|ARM.ActiveCfg = Debug|ARM
		{93D7E637-0F88-404D-9EF5-4183863E5895}.Debug|ARM.Build.0 = Debug|ARM
		{93D7E637-0F88-404D-9EF5-4183863E5895}.Debug|ARM.Deploy.0 = Debug|ARM
		{93D7E637-0F88-404D-9EF5-4183863E5895}.Debug|x64.ActiveCfg = Debug|x64
		{93D7E637-0F88-404D-9EF5-4183863E5895}.Debug|x64.Build.0 = Debug|x64
		{93D7E637-0F88-404D-9EF5-4183863E5895}.Debug|x64.Deploy.0 = Debug|x64
		{93D7E637-0F88-404D-9EF5-4183863E5895}.Debug|x86.ActiveCfg = Debug|x86
		{93D7E637-0F88-404D-9EF5-4183863E5895}.Debug|x86.Build.0 = Debug|x86
		{93D7E637-0F88-404D-9EF5-4183863E5895}.Debug|x86.Deploy.0 = Debug|x86
		{93D7E637-0F88-404D-9EF5-4183863E5895}.Release|ARM.ActiveCfg = Release|ARM
		{93D7E637-0F88-404D-9EF5-4183863E5895}.Release|ARM.Build.0 = Release|ARM
		{93D7E637-0F88-404D-9EF5-4183863E5895}.Release|ARM.Deploy.0 = Release|ARM
		{93D7E637-0F88-404D-9EF5-4183863E5895}.Release|x64.ActiveCfg = Release|x64
		{93D7E637-0F88-404D-9EF5-4183863E5895}.Release|x64.Build.0 = Release|x64
		{93D7E637-0F88-404D-9EF5-4183863E5895}.Release|x64.Deploy.0 = Release|x64
		{93D7E637-0F88-404D-9EF5-4183863E5895}.Release|x86.ActiveCfg = Release|x86
		{93D7E637-0F88-404D-9EF5-4183863E5895}.Release|x86.Build.0 = Release|x86
		{93D7E637-0F88-404D-9EF5-4183863E5895}.Release|x86.Deploy.0 = Release|x86
	EndGlobalSection
	GlobalSection(SolutionProperties) = preSolution
		HideSolutionNode = FALSE
	EndGlobalSection
EndGlobal
